// !$*UTF8*$!
{
	archiveVersion = 1;
	classes = {
	};
	objectVersion = 50;
	objects = {

/* Begin PBXBuildFile section */
		BC19C1B622318A6800FB7964 /* AppCoordinator.swift in Sources */ = {isa = PBXBuildFile; fileRef = BC19C1B522318A6800FB7964 /* AppCoordinator.swift */; };
		BC19C1BA22318B0B00FB7964 /* Coordinator.swift in Sources */ = {isa = PBXBuildFile; fileRef = BC19C1B922318B0B00FB7964 /* Coordinator.swift */; };
		BC19C1BD2231914900FB7964 /* MainCoordinator.swift in Sources */ = {isa = PBXBuildFile; fileRef = BC19C1BC2231914900FB7964 /* MainCoordinator.swift */; };
		BCAD5BAD20EAE944005C15C4 /* AppDelegate.swift in Sources */ = {isa = PBXBuildFile; fileRef = BCAD5BAC20EAE944005C15C4 /* AppDelegate.swift */; };
		BCAD5BB420EAE945005C15C4 /* Assets.xcassets in Resources */ = {isa = PBXBuildFile; fileRef = BCAD5BB320EAE945005C15C4 /* Assets.xcassets */; };
		BCAD5BB720EAE945005C15C4 /* LaunchScreen.storyboard in Resources */ = {isa = PBXBuildFile; fileRef = BCAD5BB520EAE945005C15C4 /* LaunchScreen.storyboard */; };
		BCB0B55F20EC4FF000BE3DA4 /* Meme.swift in Sources */ = {isa = PBXBuildFile; fileRef = BCB0B55E20EC4FF000BE3DA4 /* Meme.swift */; };
		BCBD2E1122332F310079BF5F /* UICollectionView+ext.swift in Sources */ = {isa = PBXBuildFile; fileRef = BCBD2E1022332F310079BF5F /* UICollectionView+ext.swift */; };
		BCBD2E1522333DF20079BF5F /* MemeDetailViewController.swift in Sources */ = {isa = PBXBuildFile; fileRef = BCBD2E1322333DF20079BF5F /* MemeDetailViewController.swift */; };
		BCBD2E1622333DF20079BF5F /* MemeDetailViewController.xib in Resources */ = {isa = PBXBuildFile; fileRef = BCBD2E1422333DF20079BF5F /* MemeDetailViewController.xib */; };
		BCD4E159223299C100CCB888 /* MemesTableViewController.swift in Sources */ = {isa = PBXBuildFile; fileRef = BCD4E157223299C100CCB888 /* MemesTableViewController.swift */; };
		BCD4E15A223299C100CCB888 /* MemesTableViewController.xib in Resources */ = {isa = PBXBuildFile; fileRef = BCD4E158223299C100CCB888 /* MemesTableViewController.xib */; };
		BCD4E15C22329A5900CCB888 /* MemesTableCoordinator.swift in Sources */ = {isa = PBXBuildFile; fileRef = BCD4E15B22329A5900CCB888 /* MemesTableCoordinator.swift */; };
		BCD4E15F2232A52700CCB888 /* MemesCollectionCoordinator.swift in Sources */ = {isa = PBXBuildFile; fileRef = BCD4E15E2232A52700CCB888 /* MemesCollectionCoordinator.swift */; };
		BCD4E1622232A58D00CCB888 /* MemesCollectionViewController.swift in Sources */ = {isa = PBXBuildFile; fileRef = BCD4E1602232A58D00CCB888 /* MemesCollectionViewController.swift */; };
		BCD4E1632232A58D00CCB888 /* MemesCollectionViewController.xib in Resources */ = {isa = PBXBuildFile; fileRef = BCD4E1612232A58D00CCB888 /* MemesCollectionViewController.xib */; };
		BCD4E1662232A7B200CCB888 /* UITableView+ext.swift in Sources */ = {isa = PBXBuildFile; fileRef = BCD4E1652232A7B200CCB888 /* UITableView+ext.swift */; };
		BCD4E16A2232A80300CCB888 /* MemeMeCell.swift in Sources */ = {isa = PBXBuildFile; fileRef = BCD4E1682232A80300CCB888 /* MemeMeCell.swift */; };
		BCD4E16B2232A80300CCB888 /* MemeMeCell.xib in Resources */ = {isa = PBXBuildFile; fileRef = BCD4E1692232A80300CCB888 /* MemeMeCell.xib */; };
		BCD4E16F2232AF7000CCB888 /* MemeEditorViewController.swift in Sources */ = {isa = PBXBuildFile; fileRef = BCD4E16D2232AF7000CCB888 /* MemeEditorViewController.swift */; };
		BCD4E1702232AF7000CCB888 /* MemeEditorViewController.xib in Resources */ = {isa = PBXBuildFile; fileRef = BCD4E16E2232AF7000CCB888 /* MemeEditorViewController.xib */; };
		BCD4E174223303FA00CCB888 /* MemeMeCollectionCell.swift in Sources */ = {isa = PBXBuildFile; fileRef = BCD4E172223303FA00CCB888 /* MemeMeCollectionCell.swift */; };
		BCD4E175223303FA00CCB888 /* MemeMeCollectionCell.xib in Resources */ = {isa = PBXBuildFile; fileRef = BCD4E173223303FA00CCB888 /* MemeMeCollectionCell.xib */; };
		C9436645033F2454E5F19673 /* Pods_MemeMe_1_0.framework in Frameworks */ = {isa = PBXBuildFile; fileRef = 78C4144D8DCCEB77D38982CA /* Pods_MemeMe_1_0.framework */; };
/* End PBXBuildFile section */

/* Begin PBXFileReference section */
		78C4144D8DCCEB77D38982CA /* Pods_MemeMe_1_0.framework */ = {isa = PBXFileReference; explicitFileType = wrapper.framework; includeInIndex = 0; path = Pods_MemeMe_1_0.framework; sourceTree = BUILT_PRODUCTS_DIR; };
		B2CDD3A4C5810A95A48F21CB /* Pods-MemeMe 1.0.debug.xcconfig */ = {isa = PBXFileReference; includeInIndex = 1; lastKnownFileType = text.xcconfig; name = "Pods-MemeMe 1.0.debug.xcconfig"; path = "Pods/Target Support Files/Pods-MemeMe 1.0/Pods-MemeMe 1.0.debug.xcconfig"; sourceTree = "<group>"; };
		BC19C1B522318A6800FB7964 /* AppCoordinator.swift */ = {isa = PBXFileReference; lastKnownFileType = sourcecode.swift; path = AppCoordinator.swift; sourceTree = "<group>"; };
		BC19C1B922318B0B00FB7964 /* Coordinator.swift */ = {isa = PBXFileReference; lastKnownFileType = sourcecode.swift; path = Coordinator.swift; sourceTree = "<group>"; };
		BC19C1BC2231914900FB7964 /* MainCoordinator.swift */ = {isa = PBXFileReference; lastKnownFileType = sourcecode.swift; path = MainCoordinator.swift; sourceTree = "<group>"; };
		BCAD5BA920EAE944005C15C4 /* MemeMe 1.0.app */ = {isa = PBXFileReference; explicitFileType = wrapper.application; includeInIndex = 0; path = "MemeMe 1.0.app"; sourceTree = BUILT_PRODUCTS_DIR; };
		BCAD5BAC20EAE944005C15C4 /* AppDelegate.swift */ = {isa = PBXFileReference; lastKnownFileType = sourcecode.swift; path = AppDelegate.swift; sourceTree = "<group>"; };
		BCAD5BB320EAE945005C15C4 /* Assets.xcassets */ = {isa = PBXFileReference; lastKnownFileType = folder.assetcatalog; path = Assets.xcassets; sourceTree = "<group>"; };
		BCAD5BB620EAE945005C15C4 /* Base */ = {isa = PBXFileReference; lastKnownFileType = file.storyboard; name = Base; path = Base.lproj/LaunchScreen.storyboard; sourceTree = "<group>"; };
		BCAD5BB820EAE945005C15C4 /* Info.plist */ = {isa = PBXFileReference; lastKnownFileType = text.plist.xml; path = Info.plist; sourceTree = "<group>"; };
		BCB0B55E20EC4FF000BE3DA4 /* Meme.swift */ = {isa = PBXFileReference; lastKnownFileType = sourcecode.swift; path = Meme.swift; sourceTree = "<group>"; };
		BCBD2E1022332F310079BF5F /* UICollectionView+ext.swift */ = {isa = PBXFileReference; lastKnownFileType = sourcecode.swift; path = "UICollectionView+ext.swift"; sourceTree = "<group>"; };
		BCBD2E1322333DF20079BF5F /* MemeDetailViewController.swift */ = {isa = PBXFileReference; lastKnownFileType = sourcecode.swift; path = MemeDetailViewController.swift; sourceTree = "<group>"; };
		BCBD2E1422333DF20079BF5F /* MemeDetailViewController.xib */ = {isa = PBXFileReference; lastKnownFileType = file.xib; path = MemeDetailViewController.xib; sourceTree = "<group>"; };
		BCD4E157223299C100CCB888 /* MemesTableViewController.swift */ = {isa = PBXFileReference; lastKnownFileType = sourcecode.swift; path = MemesTableViewController.swift; sourceTree = "<group>"; };
		BCD4E158223299C100CCB888 /* MemesTableViewController.xib */ = {isa = PBXFileReference; lastKnownFileType = file.xib; path = MemesTableViewController.xib; sourceTree = "<group>"; };
		BCD4E15B22329A5900CCB888 /* MemesTableCoordinator.swift */ = {isa = PBXFileReference; lastKnownFileType = sourcecode.swift; path = MemesTableCoordinator.swift; sourceTree = "<group>"; };
		BCD4E15E2232A52700CCB888 /* MemesCollectionCoordinator.swift */ = {isa = PBXFileReference; lastKnownFileType = sourcecode.swift; path = MemesCollectionCoordinator.swift; sourceTree = "<group>"; };
		BCD4E1602232A58D00CCB888 /* MemesCollectionViewController.swift */ = {isa = PBXFileReference; lastKnownFileType = sourcecode.swift; path = MemesCollectionViewController.swift; sourceTree = "<group>"; };
		BCD4E1612232A58D00CCB888 /* MemesCollectionViewController.xib */ = {isa = PBXFileReference; lastKnownFileType = file.xib; path = MemesCollectionViewController.xib; sourceTree = "<group>"; };
		BCD4E1652232A7B200CCB888 /* UITableView+ext.swift */ = {isa = PBXFileReference; lastKnownFileType = sourcecode.swift; path = "UITableView+ext.swift"; sourceTree = "<group>"; };
		BCD4E1682232A80300CCB888 /* MemeMeCell.swift */ = {isa = PBXFileReference; lastKnownFileType = sourcecode.swift; path = MemeMeCell.swift; sourceTree = "<group>"; };
		BCD4E1692232A80300CCB888 /* MemeMeCell.xib */ = {isa = PBXFileReference; lastKnownFileType = file.xib; path = MemeMeCell.xib; sourceTree = "<group>"; };
		BCD4E16D2232AF7000CCB888 /* MemeEditorViewController.swift */ = {isa = PBXFileReference; lastKnownFileType = sourcecode.swift; path = MemeEditorViewController.swift; sourceTree = "<group>"; };
		BCD4E16E2232AF7000CCB888 /* MemeEditorViewController.xib */ = {isa = PBXFileReference; lastKnownFileType = file.xib; path = MemeEditorViewController.xib; sourceTree = "<group>"; };
		BCD4E172223303FA00CCB888 /* MemeMeCollectionCell.swift */ = {isa = PBXFileReference; lastKnownFileType = sourcecode.swift; path = MemeMeCollectionCell.swift; sourceTree = "<group>"; };
		BCD4E173223303FA00CCB888 /* MemeMeCollectionCell.xib */ = {isa = PBXFileReference; lastKnownFileType = file.xib; path = MemeMeCollectionCell.xib; sourceTree = "<group>"; };
		F4EB1F631AB9D50E6A74C6EE /* Pods-MemeMe 1.0.release.xcconfig */ = {isa = PBXFileReference; includeInIndex = 1; lastKnownFileType = text.xcconfig; name = "Pods-MemeMe 1.0.release.xcconfig"; path = "Pods/Target Support Files/Pods-MemeMe 1.0/Pods-MemeMe 1.0.release.xcconfig"; sourceTree = "<group>"; };
/* End PBXFileReference section */

/* Begin PBXFrameworksBuildPhase section */
		BCAD5BA620EAE944005C15C4 /* Frameworks */ = {
			isa = PBXFrameworksBuildPhase;
			buildActionMask = 2147483647;
			files = (
				C9436645033F2454E5F19673 /* Pods_MemeMe_1_0.framework in Frameworks */,
			);
			runOnlyForDeploymentPostprocessing = 0;
		};
/* End PBXFrameworksBuildPhase section */

/* Begin PBXGroup section */
		719ABB3B9486A202A52F8974 /* Frameworks */ = {
			isa = PBXGroup;
			children = (
				78C4144D8DCCEB77D38982CA /* Pods_MemeMe_1_0.framework */,
			);
			name = Frameworks;
			sourceTree = "<group>";
		};
		7A89FF8D493B28AD427A7920 /* Pods */ = {
			isa = PBXGroup;
			children = (
				B2CDD3A4C5810A95A48F21CB /* Pods-MemeMe 1.0.debug.xcconfig */,
				F4EB1F631AB9D50E6A74C6EE /* Pods-MemeMe 1.0.release.xcconfig */,
			);
			name = Pods;
			sourceTree = "<group>";
		};
		BC19C1B722318A9700FB7964 /* Core */ = {
			isa = PBXGroup;
			children = (
				BCBD2E172233428F0079BF5F /* Model */,
				BCD4E1642232A77600CCB888 /* Extensions */,
				BC19C1B822318AFD00FB7964 /* Coordinator */,
			);
			path = Core;
			sourceTree = "<group>";
		};
		BC19C1B822318AFD00FB7964 /* Coordinator */ = {
			isa = PBXGroup;
			children = (
				BC19C1B922318B0B00FB7964 /* Coordinator.swift */,
			);
			path = Coordinator;
			sourceTree = "<group>";
		};
		BC19C1BB2231912900FB7964 /* Scenes */ = {
			isa = PBXGroup;
			children = (
				BCBD2E1222333DC50079BF5F /* MemeDetail */,
				BCD4E16C2232AD7000CCB888 /* MemeEditor */,
				BCD4E15D2232A4C500CCB888 /* MemeMeCollection */,
				BCD4E1562232994300CCB888 /* MemeMeTable */,
				BC19C1BC2231914900FB7964 /* MainCoordinator.swift */,
			);
			path = Scenes;
			sourceTree = "<group>";
		};
		BCAD5BA020EAE944005C15C4 = {
			isa = PBXGroup;
			children = (
				BCAD5BAB20EAE944005C15C4 /* MemeMe 1.0 */,
				BCAD5BAA20EAE944005C15C4 /* Products */,
				7A89FF8D493B28AD427A7920 /* Pods */,
				719ABB3B9486A202A52F8974 /* Frameworks */,
			);
			sourceTree = "<group>";
		};
		BCAD5BAA20EAE944005C15C4 /* Products */ = {
			isa = PBXGroup;
			children = (
				BCAD5BA920EAE944005C15C4 /* MemeMe 1.0.app */,
			);
			name = Products;
			sourceTree = "<group>";
		};
		BCAD5BAB20EAE944005C15C4 /* MemeMe 1.0 */ = {
			isa = PBXGroup;
			children = (
				BCBD2E18223342C80079BF5F /* SupportingFiles */,
				BC19C1B722318A9700FB7964 /* Core */,
				BC19C1BB2231912900FB7964 /* Scenes */,
				BCAD5BAC20EAE944005C15C4 /* AppDelegate.swift */,
				BC19C1B522318A6800FB7964 /* AppCoordinator.swift */,
			);
			path = "MemeMe 1.0";
			sourceTree = "<group>";
		};
		BCBD2E1222333DC50079BF5F /* MemeDetail */ = {
			isa = PBXGroup;
			children = (
				BCBD2E1322333DF20079BF5F /* MemeDetailViewController.swift */,
				BCBD2E1422333DF20079BF5F /* MemeDetailViewController.xib */,
			);
			path = MemeDetail;
			sourceTree = "<group>";
		};
		BCBD2E172233428F0079BF5F /* Model */ = {
			isa = PBXGroup;
			children = (
				BCB0B55E20EC4FF000BE3DA4 /* Meme.swift */,
			);
			path = Model;
			sourceTree = "<group>";
		};
		BCBD2E18223342C80079BF5F /* SupportingFiles */ = {
			isa = PBXGroup;
			children = (
				BCAD5BB320EAE945005C15C4 /* Assets.xcassets */,
				BCAD5BB820EAE945005C15C4 /* Info.plist */,
				BCAD5BB520EAE945005C15C4 /* LaunchScreen.storyboard */,
			);
			path = SupportingFiles;
			sourceTree = "<group>";
		};
		BCD4E1562232994300CCB888 /* MemeMeTable */ = {
			isa = PBXGroup;
			children = (
				BCD4E1672232A7E900CCB888 /* MemeMeCell */,
				BCD4E157223299C100CCB888 /* MemesTableViewController.swift */,
				BCD4E158223299C100CCB888 /* MemesTableViewController.xib */,
				BCD4E15B22329A5900CCB888 /* MemesTableCoordinator.swift */,
			);
			path = MemeMeTable;
			sourceTree = "<group>";
		};
		BCD4E15D2232A4C500CCB888 /* MemeMeCollection */ = {
			isa = PBXGroup;
			children = (
				BCD4E1712233037600CCB888 /* MemeMeCell */,
				BCD4E1602232A58D00CCB888 /* MemesCollectionViewController.swift */,
				BCD4E1612232A58D00CCB888 /* MemesCollectionViewController.xib */,
				BCD4E15E2232A52700CCB888 /* MemesCollectionCoordinator.swift */,
			);
			path = MemeMeCollection;
			sourceTree = "<group>";
		};
		BCD4E1642232A77600CCB888 /* Extensions */ = {
			isa = PBXGroup;
			children = (
				BCD4E1652232A7B200CCB888 /* UITableView+ext.swift */,
				BCBD2E1022332F310079BF5F /* UICollectionView+ext.swift */,
			);
			path = Extensions;
			sourceTree = "<group>";
		};
		BCD4E1672232A7E900CCB888 /* MemeMeCell */ = {
			isa = PBXGroup;
			children = (
				BCD4E1682232A80300CCB888 /* MemeMeCell.swift */,
				BCD4E1692232A80300CCB888 /* MemeMeCell.xib */,
			);
			path = MemeMeCell;
			sourceTree = "<group>";
		};
		BCD4E16C2232AD7000CCB888 /* MemeEditor */ = {
			isa = PBXGroup;
			children = (
				BCD4E16D2232AF7000CCB888 /* MemeEditorViewController.swift */,
				BCD4E16E2232AF7000CCB888 /* MemeEditorViewController.xib */,
			);
			path = MemeEditor;
			sourceTree = "<group>";
		};
		BCD4E1712233037600CCB888 /* MemeMeCell */ = {
			isa = PBXGroup;
			children = (
				BCD4E172223303FA00CCB888 /* MemeMeCollectionCell.swift */,
				BCD4E173223303FA00CCB888 /* MemeMeCollectionCell.xib */,
			);
			path = MemeMeCell;
			sourceTree = "<group>";
		};
/* End PBXGroup section */

/* Begin PBXNativeTarget section */
		BCAD5BA820EAE944005C15C4 /* MemeMe 1.0 */ = {
			isa = PBXNativeTarget;
			buildConfigurationList = BCAD5BBB20EAE945005C15C4 /* Build configuration list for PBXNativeTarget "MemeMe 1.0" */;
			buildPhases = (
				BD707AA524C6C7D27F66B0DE /* [CP] Check Pods Manifest.lock */,
				BCAD5BA520EAE944005C15C4 /* Sources */,
				BCAD5BA620EAE944005C15C4 /* Frameworks */,
				BCAD5BA720EAE944005C15C4 /* Resources */,
				4EA8637AED78E05ABA3E9876 /* [CP] Embed Pods Frameworks */,
			);
			buildRules = (
			);
			dependencies = (
			);
			name = "MemeMe 1.0";
			productName = "MemeMe 1.0";
			productReference = BCAD5BA920EAE944005C15C4 /* MemeMe 1.0.app */;
			productType = "com.apple.product-type.application";
		};
/* End PBXNativeTarget section */

/* Begin PBXProject section */
		BCAD5BA120EAE944005C15C4 /* Project object */ = {
			isa = PBXProject;
			attributes = {
				LastSwiftUpdateCheck = 0940;
				LastUpgradeCheck = 0940;
				ORGANIZATIONNAME = "David Rodrigues";
				TargetAttributes = {
					BCAD5BA820EAE944005C15C4 = {
						CreatedOnToolsVersion = 9.4.1;
						LastSwiftMigration = 1010;
					};
				};
			};
			buildConfigurationList = BCAD5BA420EAE944005C15C4 /* Build configuration list for PBXProject "MemeMe 1.0" */;
			compatibilityVersion = "Xcode 9.3";
			developmentRegion = en;
			hasScannedForEncodings = 0;
			knownRegions = (
				en,
				Base,
			);
			mainGroup = BCAD5BA020EAE944005C15C4;
			productRefGroup = BCAD5BAA20EAE944005C15C4 /* Products */;
			projectDirPath = "";
			projectRoot = "";
			targets = (
				BCAD5BA820EAE944005C15C4 /* MemeMe 1.0 */,
			);
		};
/* End PBXProject section */

/* Begin PBXResourcesBuildPhase section */
		BCAD5BA720EAE944005C15C4 /* Resources */ = {
			isa = PBXResourcesBuildPhase;
			buildActionMask = 2147483647;
			files = (
				BCAD5BB720EAE945005C15C4 /* LaunchScreen.storyboard in Resources */,
				BCD4E1702232AF7000CCB888 /* MemeEditorViewController.xib in Resources */,
				BCAD5BB420EAE945005C15C4 /* Assets.xcassets in Resources */,
				BCD4E175223303FA00CCB888 /* MemeMeCollectionCell.xib in Resources */,
				BCD4E15A223299C100CCB888 /* MemesTableViewController.xib in Resources */,
				BCD4E1632232A58D00CCB888 /* MemesCollectionViewController.xib in Resources */,
				BCD4E16B2232A80300CCB888 /* MemeMeCell.xib in Resources */,
				BCBD2E1622333DF20079BF5F /* MemeDetailViewController.xib in Resources */,
			);
			runOnlyForDeploymentPostprocessing = 0;
		};
/* End PBXResourcesBuildPhase section */

/* Begin PBXShellScriptBuildPhase section */
		4EA8637AED78E05ABA3E9876 /* [CP] Embed Pods Frameworks */ = {
			isa = PBXShellScriptBuildPhase;
			buildActionMask = 2147483647;
			files = (
			);
			inputFileListPaths = (
			);
			inputPaths = (
				"${SRCROOT}/Pods/Target Support Files/Pods-MemeMe 1.0/Pods-MemeMe 1.0-frameworks.sh",
				"${BUILT_PRODUCTS_DIR}/Differentiator/Differentiator.framework",
				"${BUILT_PRODUCTS_DIR}/RxAtomic/RxAtomic.framework",
				"${BUILT_PRODUCTS_DIR}/RxCocoa/RxCocoa.framework",
				"${BUILT_PRODUCTS_DIR}/RxDataSources/RxDataSources.framework",
				"${BUILT_PRODUCTS_DIR}/RxSwift/RxSwift.framework",
			);
			name = "[CP] Embed Pods Frameworks";
			outputFileListPaths = (
			);
			outputPaths = (
				"${TARGET_BUILD_DIR}/${FRAMEWORKS_FOLDER_PATH}/Differentiator.framework",
				"${TARGET_BUILD_DIR}/${FRAMEWORKS_FOLDER_PATH}/RxAtomic.framework",
				"${TARGET_BUILD_DIR}/${FRAMEWORKS_FOLDER_PATH}/RxCocoa.framework",
				"${TARGET_BUILD_DIR}/${FRAMEWORKS_FOLDER_PATH}/RxDataSources.framework",
				"${TARGET_BUILD_DIR}/${FRAMEWORKS_FOLDER_PATH}/RxSwift.framework",
			);
			runOnlyForDeploymentPostprocessing = 0;
			shellPath = /bin/sh;
			shellScript = "\"${SRCROOT}/Pods/Target Support Files/Pods-MemeMe 1.0/Pods-MemeMe 1.0-frameworks.sh\"\n";
			showEnvVarsInLog = 0;
		};
		BD707AA524C6C7D27F66B0DE /* [CP] Check Pods Manifest.lock */ = {
			isa = PBXShellScriptBuildPhase;
			buildActionMask = 2147483647;
			files = (
			);
			inputFileListPaths = (
			);
			inputPaths = (
				"${PODS_PODFILE_DIR_PATH}/Podfile.lock",
				"${PODS_ROOT}/Manifest.lock",
			);
			name = "[CP] Check Pods Manifest.lock";
			outputFileListPaths = (
			);
			outputPaths = (
				"$(DERIVED_FILE_DIR)/Pods-MemeMe 1.0-checkManifestLockResult.txt",
			);
			runOnlyForDeploymentPostprocessing = 0;
			shellPath = /bin/sh;
			shellScript = "diff \"${PODS_PODFILE_DIR_PATH}/Podfile.lock\" \"${PODS_ROOT}/Manifest.lock\" > /dev/null\nif [ $? != 0 ] ; then\n    # print error to STDERR\n    echo \"error: The sandbox is not in sync with the Podfile.lock. Run 'pod install' or update your CocoaPods installation.\" >&2\n    exit 1\nfi\n# This output is used by Xcode 'outputs' to avoid re-running this script phase.\necho \"SUCCESS\" > \"${SCRIPT_OUTPUT_FILE_0}\"\n";
			showEnvVarsInLog = 0;
		};
/* End PBXShellScriptBuildPhase section */

/* Begin PBXSourcesBuildPhase section */
		BCAD5BA520EAE944005C15C4 /* Sources */ = {
			isa = PBXSourcesBuildPhase;
			buildActionMask = 2147483647;
			files = (
				BCD4E15F2232A52700CCB888 /* MemesCollectionCoordinator.swift in Sources */,
				BC19C1BA22318B0B00FB7964 /* Coordinator.swift in Sources */,
				BCD4E16F2232AF7000CCB888 /* MemeEditorViewController.swift in Sources */,
				BC19C1BD2231914900FB7964 /* MainCoordinator.swift in Sources */,
				BCD4E159223299C100CCB888 /* MemesTableViewController.swift in Sources */,
				BCBD2E1122332F310079BF5F /* UICollectionView+ext.swift in Sources */,
				BCD4E1622232A58D00CCB888 /* MemesCollectionViewController.swift in Sources */,
				BCD4E174223303FA00CCB888 /* MemeMeCollectionCell.swift in Sources */,
				BCB0B55F20EC4FF000BE3DA4 /* Meme.swift in Sources */,
				BCD4E16A2232A80300CCB888 /* MemeMeCell.swift in Sources */,
				BC19C1B622318A6800FB7964 /* AppCoordinator.swift in Sources */,
				BCAD5BAD20EAE944005C15C4 /* AppDelegate.swift in Sources */,
				BCD4E1662232A7B200CCB888 /* UITableView+ext.swift in Sources */,
				BCBD2E1522333DF20079BF5F /* MemeDetailViewController.swift in Sources */,
				BCD4E15C22329A5900CCB888 /* MemesTableCoordinator.swift in Sources */,
			);
			runOnlyForDeploymentPostprocessing = 0;
		};
/* End PBXSourcesBuildPhase section */

/* Begin PBXVariantGroup section */
		BCAD5BB520EAE945005C15C4 /* LaunchScreen.storyboard */ = {
			isa = PBXVariantGroup;
			children = (
				BCAD5BB620EAE945005C15C4 /* Base */,
			);
			name = LaunchScreen.storyboard;
			sourceTree = "<group>";
		};
/* End PBXVariantGroup section */

/* Begin XCBuildConfiguration section */
		BCAD5BB920EAE945005C15C4 /* Debug */ = {
			isa = XCBuildConfiguration;
			buildSettings = {
				ALWAYS_SEARCH_USER_PATHS = NO;
				CLANG_ANALYZER_NONNULL = YES;
				CLANG_ANALYZER_NUMBER_OBJECT_CONVERSION = YES_AGGRESSIVE;
				CLANG_CXX_LANGUAGE_STANDARD = "gnu++14";
				CLANG_CXX_LIBRARY = "libc++";
				CLANG_ENABLE_MODULES = YES;
				CLANG_ENABLE_OBJC_ARC = YES;
				CLANG_ENABLE_OBJC_WEAK = YES;
				CLANG_WARN_BLOCK_CAPTURE_AUTORELEASING = YES;
				CLANG_WARN_BOOL_CONVERSION = YES;
				CLANG_WARN_COMMA = YES;
				CLANG_WARN_CONSTANT_CONVERSION = YES;
				CLANG_WARN_DEPRECATED_OBJC_IMPLEMENTATIONS = YES;
				CLANG_WARN_DIRECT_OBJC_ISA_USAGE = YES_ERROR;
				CLANG_WARN_DOCUMENTATION_COMMENTS = YES;
				CLANG_WARN_EMPTY_BODY = YES;
				CLANG_WARN_ENUM_CONVERSION = YES;
				CLANG_WARN_INFINITE_RECURSION = YES;
				CLANG_WARN_INT_CONVERSION = YES;
				CLANG_WARN_NON_LITERAL_NULL_CONVERSION = YES;
				CLANG_WARN_OBJC_IMPLICIT_RETAIN_SELF = YES;
				CLANG_WARN_OBJC_LITERAL_CONVERSION = YES;
				CLANG_WARN_OBJC_ROOT_CLASS = YES_ERROR;
				CLANG_WARN_RANGE_LOOP_ANALYSIS = YES;
				CLANG_WARN_STRICT_PROTOTYPES = YES;
				CLANG_WARN_SUSPICIOUS_MOVE = YES;
				CLANG_WARN_UNGUARDED_AVAILABILITY = YES_AGGRESSIVE;
				CLANG_WARN_UNREACHABLE_CODE = YES;
				CLANG_WARN__DUPLICATE_METHOD_MATCH = YES;
				CODE_SIGN_IDENTITY = "iPhone Developer";
				COPY_PHASE_STRIP = NO;
				DEBUG_INFORMATION_FORMAT = dwarf;
				ENABLE_STRICT_OBJC_MSGSEND = YES;
				ENABLE_TESTABILITY = YES;
				GCC_C_LANGUAGE_STANDARD = gnu11;
				GCC_DYNAMIC_NO_PIC = NO;
				GCC_NO_COMMON_BLOCKS = YES;
				GCC_OPTIMIZATION_LEVEL = 0;
				GCC_PREPROCESSOR_DEFINITIONS = (
					"DEBUG=1",
					"$(inherited)",
				);
				GCC_WARN_64_TO_32_BIT_CONVERSION = YES;
				GCC_WARN_ABOUT_RETURN_TYPE = YES_ERROR;
				GCC_WARN_UNDECLARED_SELECTOR = YES;
				GCC_WARN_UNINITIALIZED_AUTOS = YES_AGGRESSIVE;
				GCC_WARN_UNUSED_FUNCTION = YES;
				GCC_WARN_UNUSED_VARIABLE = YES;
				IPHONEOS_DEPLOYMENT_TARGET = 11.4;
				MTL_ENABLE_DEBUG_INFO = YES;
				ONLY_ACTIVE_ARCH = YES;
				SDKROOT = iphoneos;
				SWIFT_ACTIVE_COMPILATION_CONDITIONS = DEBUG;
				SWIFT_OPTIMIZATION_LEVEL = "-Onone";
			};
			name = Debug;
		};
		BCAD5BBA20EAE945005C15C4 /* Release */ = {
			isa = XCBuildConfiguration;
			buildSettings = {
				ALWAYS_SEARCH_USER_PATHS = NO;
				CLANG_ANALYZER_NONNULL = YES;
				CLANG_ANALYZER_NUMBER_OBJECT_CONVERSION = YES_AGGRESSIVE;
				CLANG_CXX_LANGUAGE_STANDARD = "gnu++14";
				CLANG_CXX_LIBRARY = "libc++";
				CLANG_ENABLE_MODULES = YES;
				CLANG_ENABLE_OBJC_ARC = YES;
				CLANG_ENABLE_OBJC_WEAK = YES;
				CLANG_WARN_BLOCK_CAPTURE_AUTORELEASING = YES;
				CLANG_WARN_BOOL_CONVERSION = YES;
				CLANG_WARN_COMMA = YES;
				CLANG_WARN_CONSTANT_CONVERSION = YES;
				CLANG_WARN_DEPRECATED_OBJC_IMPLEMENTATIONS = YES;
				CLANG_WARN_DIRECT_OBJC_ISA_USAGE = YES_ERROR;
				CLANG_WARN_DOCUMENTATION_COMMENTS = YES;
				CLANG_WARN_EMPTY_BODY = YES;
				CLANG_WARN_ENUM_CONVERSION = YES;
				CLANG_WARN_INFINITE_RECURSION = YES;
				CLANG_WARN_INT_CONVERSION = YES;
				CLANG_WARN_NON_LITERAL_NULL_CONVERSION = YES;
				CLANG_WARN_OBJC_IMPLICIT_RETAIN_SELF = YES;
				CLANG_WARN_OBJC_LITERAL_CONVERSION = YES;
				CLANG_WARN_OBJC_ROOT_CLASS = YES_ERROR;
				CLANG_WARN_RANGE_LOOP_ANALYSIS = YES;
				CLANG_WARN_STRICT_PROTOTYPES = YES;
				CLANG_WARN_SUSPICIOUS_MOVE = YES;
				CLANG_WARN_UNGUARDED_AVAILABILITY = YES_AGGRESSIVE;
				CLANG_WARN_UNREACHABLE_CODE = YES;
				CLANG_WARN__DUPLICATE_METHOD_MATCH = YES;
				CODE_SIGN_IDENTITY = "iPhone Developer";
				COPY_PHASE_STRIP = NO;
				DEBUG_INFORMATION_FORMAT = "dwarf-with-dsym";
				ENABLE_NS_ASSERTIONS = NO;
				ENABLE_STRICT_OBJC_MSGSEND = YES;
				GCC_C_LANGUAGE_STANDARD = gnu11;
				GCC_NO_COMMON_BLOCKS = YES;
				GCC_WARN_64_TO_32_BIT_CONVERSION = YES;
				GCC_WARN_ABOUT_RETURN_TYPE = YES_ERROR;
				GCC_WARN_UNDECLARED_SELECTOR = YES;
				GCC_WARN_UNINITIALIZED_AUTOS = YES_AGGRESSIVE;
				GCC_WARN_UNUSED_FUNCTION = YES;
				GCC_WARN_UNUSED_VARIABLE = YES;
				IPHONEOS_DEPLOYMENT_TARGET = 11.4;
				MTL_ENABLE_DEBUG_INFO = NO;
				SDKROOT = iphoneos;
				SWIFT_COMPILATION_MODE = wholemodule;
				SWIFT_OPTIMIZATION_LEVEL = "-O";
				VALIDATE_PRODUCT = YES;
			};
			name = Release;
		};
		BCAD5BBC20EAE945005C15C4 /* Debug */ = {
			isa = XCBuildConfiguration;
			baseConfigurationReference = B2CDD3A4C5810A95A48F21CB /* Pods-MemeMe 1.0.debug.xcconfig */;
			buildSettings = {
				ASSETCATALOG_COMPILER_APPICON_NAME = AppIcon;
				CODE_SIGN_STYLE = Automatic;
				DEVELOPMENT_TEAM = L767FN4JUX;
				INFOPLIST_FILE = "$(SRCROOT)/MemeMe 1.0/SupportingFiles/Info.plist";
				LD_RUNPATH_SEARCH_PATHS = (
					"$(inherited)",
					"@executable_path/Frameworks",
				);
				PRODUCT_BUNDLE_IDENTIFIER = "com.davidrodrigues.MemeMe-1-0";
				PRODUCT_NAME = "$(TARGET_NAME)";
				SWIFT_VERSION = 4.2;
				TARGETED_DEVICE_FAMILY = "1,2";
			};
			name = Debug;
		};
		BCAD5BBD20EAE945005C15C4 /* Release */ = {
			isa = XCBuildConfiguration;
			baseConfigurationReference = F4EB1F631AB9D50E6A74C6EE /* Pods-MemeMe 1.0.release.xcconfig */;
			buildSettings = {
				ASSETCATALOG_COMPILER_APPICON_NAME = AppIcon;
				CODE_SIGN_STYLE = Automatic;
				DEVELOPMENT_TEAM = L767FN4JUX;
				INFOPLIST_FILE = "$(SRCROOT)/MemeMe 1.0/SupportingFiles/Info.plist";
				LD_RUNPATH_SEARCH_PATHS = (
					"$(inherited)",
					"@executable_path/Frameworks",
				);
				PRODUCT_BUNDLE_IDENTIFIER = "com.davidrodrigues.MemeMe-1-0";
				PRODUCT_NAME = "$(TARGET_NAME)";
				SWIFT_VERSION = 4.2;
				TARGETED_DEVICE_FAMILY = "1,2";
			};
			name = Release;
		};
/* End XCBuildConfiguration section */

/* Begin XCConfigurationList section */
		BCAD5BA420EAE944005C15C4 /* Build configuration list for PBXProject "MemeMe 1.0" */ = {
			isa = XCConfigurationList;
			buildConfigurations = (
				BCAD5BB920EAE945005C15C4 /* Debug */,
				BCAD5BBA20EAE945005C15C4 /* Release */,
			);
			defaultConfigurationIsVisible = 0;
			defaultConfigurationName = Release;
		};
		BCAD5BBB20EAE945005C15C4 /* Build configuration list for PBXNativeTarget "MemeMe 1.0" */ = {
			isa = XCConfigurationList;
			buildConfigurations = (
				BCAD5BBC20EAE945005C15C4 /* Debug */,
				BCAD5BBD20EAE945005C15C4 /* Release */,
			);
			defaultConfigurationIsVisible = 0;
			defaultConfigurationName = Release;
		};
/* End XCConfigurationList section */
	};
	rootObject = BCAD5BA120EAE944005C15C4 /* Project object */;
}
