// !$*UTF8*$!
{
	archiveVersion = 1;
	classes = {
	};
	objectVersion = 50;
	objects = {

/* Begin PBXBuildFile section */
		BCAD5BAD20EAE944005C15C4 /* AppDelegate.swift in Sources */ = {isa = PBXBuildFile; fileRef = BCAD5BAC20EAE944005C15C4 /* AppDelegate.swift */; };
		BCAD5BAF20EAE944005C15C4 /* MemeViewController.swift in Sources */ = {isa = PBXBuildFile; fileRef = BCAD5BAE20EAE944005C15C4 /* MemeViewController.swift */; };
		BCAD5BB220EAE944005C15C4 /* Main.storyboard in Resources */ = {isa = PBXBuildFile; fileRef = BCAD5BB020EAE944005C15C4 /* Main.storyboard */; };
		BCAD5BB420EAE945005C15C4 /* Assets.xcassets in Resources */ = {isa = PBXBuildFile; fileRef = BCAD5BB320EAE945005C15C4 /* Assets.xcassets */; };
		BCAD5BB720EAE945005C15C4 /* LaunchScreen.storyboard in Resources */ = {isa = PBXBuildFile; fileRef = BCAD5BB520EAE945005C15C4 /* LaunchScreen.storyboard */; };
		BCB0B55F20EC4FF000BE3DA4 /* Meme.swift in Sources */ = {isa = PBXBuildFile; fileRef = BCB0B55E20EC4FF000BE3DA4 /* Meme.swift */; };
		BCC1B05E20F05B7700C3B09A /* MemeEditorViewController.swift in Sources */ = {isa = PBXBuildFile; fileRef = BCC1B05D20F05B7700C3B09A /* MemeEditorViewController.swift */; };
		BCC1B06220F0614400C3B09A /* SentMemesCollectionViewController.swift in Sources */ = {isa = PBXBuildFile; fileRef = BCC1B06120F0614400C3B09A /* SentMemesCollectionViewController.swift */; };
		BCC1B06420F0619100C3B09A /* SentMemesTableViewController.swift in Sources */ = {isa = PBXBuildFile; fileRef = BCC1B06320F0619100C3B09A /* SentMemesTableViewController.swift */; };
		BCD6720E20F0F3A5007A565B /* MemeDetailViewController.swift in Sources */ = {isa = PBXBuildFile; fileRef = BCD6720D20F0F3A5007A565B /* MemeDetailViewController.swift */; };
		BCD6721020F0FA37007A565B /* MemeCollectionViewCell.swift in Sources */ = {isa = PBXBuildFile; fileRef = BCD6720F20F0FA37007A565B /* MemeCollectionViewCell.swift */; };
/* End PBXBuildFile section */

/* Begin PBXFileReference section */
		BCAD5BA920EAE944005C15C4 /* MemeMe 1.0.app */ = {isa = PBXFileReference; explicitFileType = wrapper.application; includeInIndex = 0; path = "MemeMe 1.0.app"; sourceTree = BUILT_PRODUCTS_DIR; };
		BCAD5BAC20EAE944005C15C4 /* AppDelegate.swift */ = {isa = PBXFileReference; lastKnownFileType = sourcecode.swift; path = AppDelegate.swift; sourceTree = "<group>"; };
		BCAD5BAE20EAE944005C15C4 /* MemeViewController.swift */ = {isa = PBXFileReference; lastKnownFileType = sourcecode.swift; path = MemeViewController.swift; sourceTree = "<group>"; };
		BCAD5BB120EAE944005C15C4 /* Base */ = {isa = PBXFileReference; lastKnownFileType = file.storyboard; name = Base; path = Base.lproj/Main.storyboard; sourceTree = "<group>"; };
		BCAD5BB320EAE945005C15C4 /* Assets.xcassets */ = {isa = PBXFileReference; lastKnownFileType = folder.assetcatalog; path = Assets.xcassets; sourceTree = "<group>"; };
		BCAD5BB620EAE945005C15C4 /* Base */ = {isa = PBXFileReference; lastKnownFileType = file.storyboard; name = Base; path = Base.lproj/LaunchScreen.storyboard; sourceTree = "<group>"; };
		BCAD5BB820EAE945005C15C4 /* Info.plist */ = {isa = PBXFileReference; lastKnownFileType = text.plist.xml; path = Info.plist; sourceTree = "<group>"; };
		BCB0B55E20EC4FF000BE3DA4 /* Meme.swift */ = {isa = PBXFileReference; lastKnownFileType = sourcecode.swift; path = Meme.swift; sourceTree = "<group>"; };
		BCC1B05D20F05B7700C3B09A /* MemeEditorViewController.swift */ = {isa = PBXFileReference; lastKnownFileType = sourcecode.swift; path = MemeEditorViewController.swift; sourceTree = "<group>"; };
		BCC1B06120F0614400C3B09A /* SentMemesCollectionViewController.swift */ = {isa = PBXFileReference; lastKnownFileType = sourcecode.swift; path = SentMemesCollectionViewController.swift; sourceTree = "<group>"; };
		BCC1B06320F0619100C3B09A /* SentMemesTableViewController.swift */ = {isa = PBXFileReference; lastKnownFileType = sourcecode.swift; path = SentMemesTableViewController.swift; sourceTree = "<group>"; };
		BCD6720D20F0F3A5007A565B /* MemeDetailViewController.swift */ = {isa = PBXFileReference; lastKnownFileType = sourcecode.swift; path = MemeDetailViewController.swift; sourceTree = "<group>"; };
		BCD6720F20F0FA37007A565B /* MemeCollectionViewCell.swift */ = {isa = PBXFileReference; lastKnownFileType = sourcecode.swift; path = MemeCollectionViewCell.swift; sourceTree = "<group>"; };
/* End PBXFileReference section */

/* Begin PBXFrameworksBuildPhase section */
		BCAD5BA620EAE944005C15C4 /* Frameworks */ = {
			isa = PBXFrameworksBuildPhase;
			buildActionMask = 2147483647;
			files = (
			);
			runOnlyForDeploymentPostprocessing = 0;
		};
/* End PBXFrameworksBuildPhase section */

/* Begin PBXGroup section */
		BCAD5BA020EAE944005C15C4 = {
			isa = PBXGroup;
			children = (
				BCAD5BAB20EAE944005C15C4 /* MemeMe 1.0 */,
				BCAD5BAA20EAE944005C15C4 /* Products */,
			);
			sourceTree = "<group>";
		};
		BCAD5BAA20EAE944005C15C4 /* Products */ = {
			isa = PBXGroup;
			children = (
				BCAD5BA920EAE944005C15C4 /* MemeMe 1.0.app */,
			);
			name = Products;
			sourceTree = "<group>";
		};
		BCAD5BAB20EAE944005C15C4 /* MemeMe 1.0 */ = {
			isa = PBXGroup;
			children = (
				BCAD5BAC20EAE944005C15C4 /* AppDelegate.swift */,
				BCB0B55E20EC4FF000BE3DA4 /* Meme.swift */,
				BCAD5BAE20EAE944005C15C4 /* MemeViewController.swift */,
				BCC1B05D20F05B7700C3B09A /* MemeEditorViewController.swift */,
				BCD6720D20F0F3A5007A565B /* MemeDetailViewController.swift */,
				BCC1B06320F0619100C3B09A /* SentMemesTableViewController.swift */,
				BCC1B06120F0614400C3B09A /* SentMemesCollectionViewController.swift */,
				BCD6720F20F0FA37007A565B /* MemeCollectionViewCell.swift */,
				BCAD5BB020EAE944005C15C4 /* Main.storyboard */,
				BCAD5BB320EAE945005C15C4 /* Assets.xcassets */,
				BCAD5BB520EAE945005C15C4 /* LaunchScreen.storyboard */,
				BCAD5BB820EAE945005C15C4 /* Info.plist */,
			);
			path = "MemeMe 1.0";
			sourceTree = "<group>";
		};
/* End PBXGroup section */

/* Begin PBXNativeTarget section */
		BCAD5BA820EAE944005C15C4 /* MemeMe 1.0 */ = {
			isa = PBXNativeTarget;
			buildConfigurationList = BCAD5BBB20EAE945005C15C4 /* Build configuration list for PBXNativeTarget "MemeMe 1.0" */;
			buildPhases = (
				BCAD5BA520EAE944005C15C4 /* Sources */,
				BCAD5BA620EAE944005C15C4 /* Frameworks */,
				BCAD5BA720EAE944005C15C4 /* Resources */,
			);
			buildRules = (
			);
			dependencies = (
			);
			name = "MemeMe 1.0";
			productName = "MemeMe 1.0";
			productReference = BCAD5BA920EAE944005C15C4 /* MemeMe 1.0.app */;
			productType = "com.apple.product-type.application";
		};
/* End PBXNativeTarget section */

/* Begin PBXProject section */
		BCAD5BA120EAE944005C15C4 /* Project object */ = {
			isa = PBXProject;
			attributes = {
				LastSwiftUpdateCheck = 0940;
				LastUpgradeCheck = 0940;
				ORGANIZATIONNAME = "David Rodrigues";
				TargetAttributes = {
					BCAD5BA820EAE944005C15C4 = {
						CreatedOnToolsVersion = 9.4.1;
					};
				};
			};
			buildConfigurationList = BCAD5BA420EAE944005C15C4 /* Build configuration list for PBXProject "MemeMe 1.0" */;
			compatibilityVersion = "Xcode 9.3";
			developmentRegion = en;
			hasScannedForEncodings = 0;
			knownRegions = (
				en,
				Base,
			);
			mainGroup = BCAD5BA020EAE944005C15C4;
			productRefGroup = BCAD5BAA20EAE944005C15C4 /* Products */;
			projectDirPath = "";
			projectRoot = "";
			targets = (
				BCAD5BA820EAE944005C15C4 /* MemeMe 1.0 */,
			);
		};
/* End PBXProject section */

/* Begin PBXResourcesBuildPhase section */
		BCAD5BA720EAE944005C15C4 /* Resources */ = {
			isa = PBXResourcesBuildPhase;
			buildActionMask = 2147483647;
			files = (
				BCAD5BB720EAE945005C15C4 /* LaunchScreen.storyboard in Resources */,
				BCAD5BB420EAE945005C15C4 /* Assets.xcassets in Resources */,
				BCAD5BB220EAE944005C15C4 /* Main.storyboard in Resources */,
			);
			runOnlyForDeploymentPostprocessing = 0;
		};
/* End PBXResourcesBuildPhase section */

/* Begin PBXSourcesBuildPhase section */
		BCAD5BA520EAE944005C15C4 /* Sources */ = {
			isa = PBXSourcesBuildPhase;
			buildActionMask = 2147483647;
			files = (
				BCAD5BAF20EAE944005C15C4 /* MemeViewController.swift in Sources */,
				BCC1B06420F0619100C3B09A /* SentMemesTableViewController.swift in Sources */,
				BCD6721020F0FA37007A565B /* MemeCollectionViewCell.swift in Sources */,
				BCC1B06220F0614400C3B09A /* SentMemesCollectionViewController.swift in Sources */,
				BCB0B55F20EC4FF000BE3DA4 /* Meme.swift in Sources */,
				BCAD5BAD20EAE944005C15C4 /* AppDelegate.swift in Sources */,
				BCC1B05E20F05B7700C3B09A /* MemeEditorViewController.swift in Sources */,
				BCD6720E20F0F3A5007A565B /* MemeDetailViewController.swift in Sources */,
			);
			runOnlyForDeploymentPostprocessing = 0;
		};
/* End PBXSourcesBuildPhase section */

/* Begin PBXVariantGroup section */
		BCAD5BB020EAE944005C15C4 /* Main.storyboard */ = {
			isa = PBXVariantGroup;
			children = (
				BCAD5BB120EAE944005C15C4 /* Base */,
			);
			name = Main.storyboard;
			sourceTree = "<group>";
		};
		BCAD5BB520EAE945005C15C4 /* LaunchScreen.storyboard */ = {
			isa = PBXVariantGroup;
			children = (
				BCAD5BB620EAE945005C15C4 /* Base */,
			);
			name = LaunchScreen.storyboard;
			sourceTree = "<group>";
		};
/* End PBXVariantGroup section */

/* Begin XCBuildConfiguration section */
		BCAD5BB920EAE945005C15C4 /* Debug */ = {
			isa = XCBuildConfiguration;
			buildSettings = {
				ALWAYS_SEARCH_USER_PATHS = NO;
				CLANG_ANALYZER_NONNULL = YES;
				CLANG_ANALYZER_NUMBER_OBJECT_CONVERSION = YES_AGGRESSIVE;
				CLANG_CXX_LANGUAGE_STANDARD = "gnu++14";
				CLANG_CXX_LIBRARY = "libc++";
				CLANG_ENABLE_MODULES = YES;
				CLANG_ENABLE_OBJC_ARC = YES;
				CLANG_ENABLE_OBJC_WEAK = YES;
				CLANG_WARN_BLOCK_CAPTURE_AUTORELEASING = YES;
				CLANG_WARN_BOOL_CONVERSION = YES;
				CLANG_WARN_COMMA = YES;
				CLANG_WARN_CONSTANT_CONVERSION = YES;
				CLANG_WARN_DEPRECATED_OBJC_IMPLEMENTATIONS = YES;
				CLANG_WARN_DIRECT_OBJC_ISA_USAGE = YES_ERROR;
				CLANG_WARN_DOCUMENTATION_COMMENTS = YES;
				CLANG_WARN_EMPTY_BODY = YES;
				CLANG_WARN_ENUM_CONVERSION = YES;
				CLANG_WARN_INFINITE_RECURSION = YES;
				CLANG_WARN_INT_CONVERSION = YES;
				CLANG_WARN_NON_LITERAL_NULL_CONVERSION = YES;
				CLANG_WARN_OBJC_IMPLICIT_RETAIN_SELF = YES;
				CLANG_WARN_OBJC_LITERAL_CONVERSION = YES;
				CLANG_WARN_OBJC_ROOT_CLASS = YES_ERROR;
				CLANG_WARN_RANGE_LOOP_ANALYSIS = YES;
				CLANG_WARN_STRICT_PROTOTYPES = YES;
				CLANG_WARN_SUSPICIOUS_MOVE = YES;
				CLANG_WARN_UNGUARDED_AVAILABILITY = YES_AGGRESSIVE;
				CLANG_WARN_UNREACHABLE_CODE = YES;
				CLANG_WARN__DUPLICATE_METHOD_MATCH = YES;
				CODE_SIGN_IDENTITY = "iPhone Developer";
				COPY_PHASE_STRIP = NO;
				DEBUG_INFORMATION_FORMAT = dwarf;
				ENABLE_STRICT_OBJC_MSGSEND = YES;
				ENABLE_TESTABILITY = YES;
				GCC_C_LANGUAGE_STANDARD = gnu11;
				GCC_DYNAMIC_NO_PIC = NO;
				GCC_NO_COMMON_BLOCKS = YES;
				GCC_OPTIMIZATION_LEVEL = 0;
				GCC_PREPROCESSOR_DEFINITIONS = (
					"DEBUG=1",
					"$(inherited)",
				);
				GCC_WARN_64_TO_32_BIT_CONVERSION = YES;
				GCC_WARN_ABOUT_RETURN_TYPE = YES_ERROR;
				GCC_WARN_UNDECLARED_SELECTOR = YES;
				GCC_WARN_UNINITIALIZED_AUTOS = YES_AGGRESSIVE;
				GCC_WARN_UNUSED_FUNCTION = YES;
				GCC_WARN_UNUSED_VARIABLE = YES;
				IPHONEOS_DEPLOYMENT_TARGET = 11.4;
				MTL_ENABLE_DEBUG_INFO = YES;
				ONLY_ACTIVE_ARCH = YES;
				SDKROOT = iphoneos;
				SWIFT_ACTIVE_COMPILATION_CONDITIONS = DEBUG;
				SWIFT_OPTIMIZATION_LEVEL = "-Onone";
			};
			name = Debug;
		};
		BCAD5BBA20EAE945005C15C4 /* Release */ = {
			isa = XCBuildConfiguration;
			buildSettings = {
				ALWAYS_SEARCH_USER_PATHS = NO;
				CLANG_ANALYZER_NONNULL = YES;
				CLANG_ANALYZER_NUMBER_OBJECT_CONVERSION = YES_AGGRESSIVE;
				CLANG_CXX_LANGUAGE_STANDARD = "gnu++14";
				CLANG_CXX_LIBRARY = "libc++";
				CLANG_ENABLE_MODULES = YES;
				CLANG_ENABLE_OBJC_ARC = YES;
				CLANG_ENABLE_OBJC_WEAK = YES;
				CLANG_WARN_BLOCK_CAPTURE_AUTORELEASING = YES;
				CLANG_WARN_BOOL_CONVERSION = YES;
				CLANG_WARN_COMMA = YES;
				CLANG_WARN_CONSTANT_CONVERSION = YES;
				CLANG_WARN_DEPRECATED_OBJC_IMPLEMENTATIONS = YES;
				CLANG_WARN_DIRECT_OBJC_ISA_USAGE = YES_ERROR;
				CLANG_WARN_DOCUMENTATION_COMMENTS = YES;
				CLANG_WARN_EMPTY_BODY = YES;
				CLANG_WARN_ENUM_CONVERSION = YES;
				CLANG_WARN_INFINITE_RECURSION = YES;
				CLANG_WARN_INT_CONVERSION = YES;
				CLANG_WARN_NON_LITERAL_NULL_CONVERSION = YES;
				CLANG_WARN_OBJC_IMPLICIT_RETAIN_SELF = YES;
				CLANG_WARN_OBJC_LITERAL_CONVERSION = YES;
				CLANG_WARN_OBJC_ROOT_CLASS = YES_ERROR;
				CLANG_WARN_RANGE_LOOP_ANALYSIS = YES;
				CLANG_WARN_STRICT_PROTOTYPES = YES;
				CLANG_WARN_SUSPICIOUS_MOVE = YES;
				CLANG_WARN_UNGUARDED_AVAILABILITY = YES_AGGRESSIVE;
				CLANG_WARN_UNREACHABLE_CODE = YES;
				CLANG_WARN__DUPLICATE_METHOD_MATCH = YES;
				CODE_SIGN_IDENTITY = "iPhone Developer";
				COPY_PHASE_STRIP = NO;
				DEBUG_INFORMATION_FORMAT = "dwarf-with-dsym";
				ENABLE_NS_ASSERTIONS = NO;
				ENABLE_STRICT_OBJC_MSGSEND = YES;
				GCC_C_LANGUAGE_STANDARD = gnu11;
				GCC_NO_COMMON_BLOCKS = YES;
				GCC_WARN_64_TO_32_BIT_CONVERSION = YES;
				GCC_WARN_ABOUT_RETURN_TYPE = YES_ERROR;
				GCC_WARN_UNDECLARED_SELECTOR = YES;
				GCC_WARN_UNINITIALIZED_AUTOS = YES_AGGRESSIVE;
				GCC_WARN_UNUSED_FUNCTION = YES;
				GCC_WARN_UNUSED_VARIABLE = YES;
				IPHONEOS_DEPLOYMENT_TARGET = 11.4;
				MTL_ENABLE_DEBUG_INFO = NO;
				SDKROOT = iphoneos;
				SWIFT_COMPILATION_MODE = wholemodule;
				SWIFT_OPTIMIZATION_LEVEL = "-O";
				VALIDATE_PRODUCT = YES;
			};
			name = Release;
		};
		BCAD5BBC20EAE945005C15C4 /* Debug */ = {
			isa = XCBuildConfiguration;
			buildSettings = {
				ASSETCATALOG_COMPILER_APPICON_NAME = AppIcon;
				CODE_SIGN_STYLE = Automatic;
				DEVELOPMENT_TEAM = L767FN4JUX;
				INFOPLIST_FILE = "MemeMe 1.0/Info.plist";
				LD_RUNPATH_SEARCH_PATHS = (
					"$(inherited)",
					"@executable_path/Frameworks",
				);
				PRODUCT_BUNDLE_IDENTIFIER = "com.davidrodrigues.MemeMe-1-0";
				PRODUCT_NAME = "$(TARGET_NAME)";
				SWIFT_VERSION = 4.0;
				TARGETED_DEVICE_FAMILY = "1,2";
			};
			name = Debug;
		};
		BCAD5BBD20EAE945005C15C4 /* Release */ = {
			isa = XCBuildConfiguration;
			buildSettings = {
				ASSETCATALOG_COMPILER_APPICON_NAME = AppIcon;
				CODE_SIGN_STYLE = Automatic;
				DEVELOPMENT_TEAM = L767FN4JUX;
				INFOPLIST_FILE = "MemeMe 1.0/Info.plist";
				LD_RUNPATH_SEARCH_PATHS = (
					"$(inherited)",
					"@executable_path/Frameworks",
				);
				PRODUCT_BUNDLE_IDENTIFIER = "com.davidrodrigues.MemeMe-1-0";
				PRODUCT_NAME = "$(TARGET_NAME)";
				SWIFT_VERSION = 4.0;
				TARGETED_DEVICE_FAMILY = "1,2";
			};
			name = Release;
		};
/* End XCBuildConfiguration section */

/* Begin XCConfigurationList section */
		BCAD5BA420EAE944005C15C4 /* Build configuration list for PBXProject "MemeMe 1.0" */ = {
			isa = XCConfigurationList;
			buildConfigurations = (
				BCAD5BB920EAE945005C15C4 /* Debug */,
				BCAD5BBA20EAE945005C15C4 /* Release */,
			);
			defaultConfigurationIsVisible = 0;
			defaultConfigurationName = Release;
		};
		BCAD5BBB20EAE945005C15C4 /* Build configuration list for PBXNativeTarget "MemeMe 1.0" */ = {
			isa = XCConfigurationList;
			buildConfigurations = (
				BCAD5BBC20EAE945005C15C4 /* Debug */,
				BCAD5BBD20EAE945005C15C4 /* Release */,
			);
			defaultConfigurationIsVisible = 0;
			defaultConfigurationName = Release;
		};
/* End XCConfigurationList section */
	};
	rootObject = BCAD5BA120EAE944005C15C4 /* Project object */;
}
